
Microsoft Visual Studio Solution File, Format Version 12.00
# Visual Studio 2013
VisualStudioVersion = 12.0.40629.0
MinimumVisualStudioVersion = 10.0.40219.1
Project("{FAE04EC0-301F-11D3-BF4B-00C04F79EFBC}") = "LGD_EDGE_Sample", "LGD_EDGE_Sample\LGD_EDGE_Sample.csproj", "{1D08FC57-5195-46C6-831D-21381E39AEED}"
EndProject
Project("{FAE04EC0-301F-11D3-BF4B-00C04F79EFBC}") = "Interop.Common", "Interop.Common\Interop.Common.csproj", "{821AAA30-CD4C-499B-8F47-7FAF47C44987}"
EndProject
Global
	GlobalSection(SolutionConfigurationPlatforms) = preSolution
		Debug|Any CPU = Debug|Any CPU
		Release|Any CPU = Release|Any CPU
	EndGlobalSection
	GlobalSection(ProjectConfigurationPlatforms) = postSolution
		{1D08FC57-5195-46C6-831D-21381E39AEED}.Debug|Any CPU.ActiveCfg = Debug|Any CPU
		{1D08FC57-5195-46C6-831D-21381E39AEED}.Debug|Any CPU.Build.0 = Debug|Any CPU
		{1D08FC57-5195-46C6-831D-21381E39AEED}.Release|Any CPU.ActiveCfg = Release|Any CPU
		{1D08FC57-5195-46C6-831D-21381E39AEED}.Release|Any CPU.Build.0 = Release|Any CPU
		{821AAA30-CD4C-499B-8F47-7FAF47C44987}.Debug|Any CPU.ActiveCfg = Debug|Any CPU
		{821AAA30-CD4C-499B-8F47-7FAF47C44987}.Debug|Any CPU.Build.0 = Debug|Any CPU
		{821AAA30-CD4C-499B-8F47-7FAF47C44987}.Release|Any CPU.ActiveCfg = Release|Any CPU
		{821AAA30-CD4C-499B-8F47-7FAF47C44987}.Release|Any CPU.Build.0 = Release|Any CPU
	EndGlobalSection
	GlobalSection(SolutionProperties) = preSolution
		HideSolutionNode = FALSE
	EndGlobalSection
EndGlobal
